// !$*UTF8*$!
{
	archiveVersion = 1;
	classes = {
	};
	objectVersion = 46;
	objects = {

/* Begin PBXBuildFile section */
		1806F81A184FA6E7007D973F /* UIWindow+Shake.m in Sources */ = {isa = PBXBuildFile; fileRef = 1806F819184FA6E7007D973F /* UIWindow+Shake.m */; };
		18400ED918427C2800905BFD /* Foundation.framework in Frameworks */ = {isa = PBXBuildFile; fileRef = 18400ED818427C2800905BFD /* Foundation.framework */; };
		18400EDB18427C2800905BFD /* CoreGraphics.framework in Frameworks */ = {isa = PBXBuildFile; fileRef = 18400EDA18427C2800905BFD /* CoreGraphics.framework */; };
		18400EDD18427C2800905BFD /* UIKit.framework in Frameworks */ = {isa = PBXBuildFile; fileRef = 18400EDC18427C2800905BFD /* UIKit.framework */; };
		18400EE318427C2800905BFD /* InfoPlist.strings in Resources */ = {isa = PBXBuildFile; fileRef = 18400EE118427C2800905BFD /* InfoPlist.strings */; };
		18400EE518427C2800905BFD /* main.m in Sources */ = {isa = PBXBuildFile; fileRef = 18400EE418427C2800905BFD /* main.m */; };
		18400EF218427C2800905BFD /* XCTest.framework in Frameworks */ = {isa = PBXBuildFile; fileRef = 18400EF118427C2800905BFD /* XCTest.framework */; };
		18400EF318427C2800905BFD /* Foundation.framework in Frameworks */ = {isa = PBXBuildFile; fileRef = 18400ED818427C2800905BFD /* Foundation.framework */; };
		18400EF418427C2800905BFD /* UIKit.framework in Frameworks */ = {isa = PBXBuildFile; fileRef = 18400EDC18427C2800905BFD /* UIKit.framework */; };
		18400EFC18427C2800905BFD /* InfoPlist.strings in Resources */ = {isa = PBXBuildFile; fileRef = 18400EFA18427C2800905BFD /* InfoPlist.strings */; };
		18400EFE18427C2800905BFD /* AlarmTests.m in Sources */ = {isa = PBXBuildFile; fileRef = 18400EFD18427C2800905BFD /* AlarmTests.m */; };
		18400F1418427D9300905BFD /* ALAppDelegate.m in Sources */ = {isa = PBXBuildFile; fileRef = 18400F0918427D9300905BFD /* ALAppDelegate.m */; };
		18400F1518427D9300905BFD /* Images.xcassets in Resources */ = {isa = PBXBuildFile; fileRef = 18400F1018427D9300905BFD /* Images.xcassets */; };
		18400F1618427D9300905BFD /* alarm_sound1.mp3 in Resources */ = {isa = PBXBuildFile; fileRef = 18400F1318427D9300905BFD /* alarm_sound1.mp3 */; };
		18400F1918427E0200905BFD /* Localizable.strings in Resources */ = {isa = PBXBuildFile; fileRef = 18400F1B18427E0200905BFD /* Localizable.strings */; };
		18400F1E18427ED400905BFD /* ALAlarmObject.m in Sources */ = {isa = PBXBuildFile; fileRef = 18400F1D18427ED400905BFD /* ALAlarmObject.m */; };
		18400F2118427F0D00905BFD /* ALAlarmsManager.m in Sources */ = {isa = PBXBuildFile; fileRef = 18400F2018427F0D00905BFD /* ALAlarmsManager.m */; };
		18400F2418427F3E00905BFD /* ALUtility.m in Sources */ = {isa = PBXBuildFile; fileRef = 18400F2318427F3E00905BFD /* ALUtility.m */; };
		18400F2718427F7000905BFD /* ALConstants.m in Sources */ = {isa = PBXBuildFile; fileRef = 18400F2618427F7000905BFD /* ALConstants.m */; };
		18400F2A18427F9F00905BFD /* ALAlarmAlertView.m in Sources */ = {isa = PBXBuildFile; fileRef = 18400F2918427F9F00905BFD /* ALAlarmAlertView.m */; };
		18400F2D18427FF300905BFD /* ALAlarmsListViewController.m in Sources */ = {isa = PBXBuildFile; fileRef = 18400F2C18427FF300905BFD /* ALAlarmsListViewController.m */; };
		18400F301842802A00905BFD /* ALAddAlarmTableHeaderView.m in Sources */ = {isa = PBXBuildFile; fileRef = 18400F2F1842802A00905BFD /* ALAddAlarmTableHeaderView.m */; };
		18400F331842805F00905BFD /* ALAddAlarmViewController.m in Sources */ = {isa = PBXBuildFile; fileRef = 18400F321842805F00905BFD /* ALAddAlarmViewController.m */; };
		18400F361842809400905BFD /* ALDateTimePicker.m in Sources */ = {isa = PBXBuildFile; fileRef = 18400F351842809400905BFD /* ALDateTimePicker.m */; };
		18400F39184280CD00905BFD /* ALTextFieldTableViewCellCell.m in Sources */ = {isa = PBXBuildFile; fileRef = 18400F38184280CD00905BFD /* ALTextFieldTableViewCellCell.m */; };
/* End PBXBuildFile section */

/* Begin PBXContainerItemProxy section */
		18400EF518427C2800905BFD /* PBXContainerItemProxy */ = {
			isa = PBXContainerItemProxy;
			containerPortal = 18400ECD18427C2800905BFD /* Project object */;
			proxyType = 1;
			remoteGlobalIDString = 18400ED418427C2800905BFD;
			remoteInfo = Alarm;
		};
/* End PBXContainerItemProxy section */

/* Begin PBXFileReference section */
		1806F818184FA6E7007D973F /* UIWindow+Shake.h */ = {isa = PBXFileReference; fileEncoding = 4; lastKnownFileType = sourcecode.c.h; path = "UIWindow+Shake.h"; sourceTree = "<group>"; };
		1806F819184FA6E7007D973F /* UIWindow+Shake.m */ = {isa = PBXFileReference; fileEncoding = 4; lastKnownFileType = sourcecode.c.objc; path = "UIWindow+Shake.m"; sourceTree = "<group>"; };
		18400ED518427C2800905BFD /* Alarm.app */ = {isa = PBXFileReference; explicitFileType = wrapper.application; includeInIndex = 0; path = Alarm.app; sourceTree = BUILT_PRODUCTS_DIR; };
		18400ED818427C2800905BFD /* Foundation.framework */ = {isa = PBXFileReference; lastKnownFileType = wrapper.framework; name = Foundation.framework; path = System/Library/Frameworks/Foundation.framework; sourceTree = SDKROOT; };
		18400EDA18427C2800905BFD /* CoreGraphics.framework */ = {isa = PBXFileReference; lastKnownFileType = wrapper.framework; name = CoreGraphics.framework; path = System/Library/Frameworks/CoreGraphics.framework; sourceTree = SDKROOT; };
		18400EDC18427C2800905BFD /* UIKit.framework */ = {isa = PBXFileReference; lastKnownFileType = wrapper.framework; name = UIKit.framework; path = System/Library/Frameworks/UIKit.framework; sourceTree = SDKROOT; };
		18400EE018427C2800905BFD /* Alarm-Info.plist */ = {isa = PBXFileReference; lastKnownFileType = text.plist.xml; path = "Alarm-Info.plist"; sourceTree = "<group>"; };
		18400EE218427C2800905BFD /* en */ = {isa = PBXFileReference; lastKnownFileType = text.plist.strings; name = en; path = en.lproj/InfoPlist.strings; sourceTree = "<group>"; };
		18400EE418427C2800905BFD /* main.m */ = {isa = PBXFileReference; lastKnownFileType = sourcecode.c.objc; path = main.m; sourceTree = "<group>"; };
		18400EE618427C2800905BFD /* Alarm-Prefix.pch */ = {isa = PBXFileReference; lastKnownFileType = sourcecode.c.h; path = "Alarm-Prefix.pch"; sourceTree = "<group>"; };
		18400EF018427C2800905BFD /* AlarmTests.xctest */ = {isa = PBXFileReference; explicitFileType = wrapper.cfbundle; includeInIndex = 0; path = AlarmTests.xctest; sourceTree = BUILT_PRODUCTS_DIR; };
		18400EF118427C2800905BFD /* XCTest.framework */ = {isa = PBXFileReference; lastKnownFileType = wrapper.framework; name = XCTest.framework; path = Library/Frameworks/XCTest.framework; sourceTree = DEVELOPER_DIR; };
		18400EF918427C2800905BFD /* AlarmTests-Info.plist */ = {isa = PBXFileReference; lastKnownFileType = text.plist.xml; path = "AlarmTests-Info.plist"; sourceTree = "<group>"; };
		18400EFB18427C2800905BFD /* en */ = {isa = PBXFileReference; lastKnownFileType = text.plist.strings; name = en; path = en.lproj/InfoPlist.strings; sourceTree = "<group>"; };
		18400EFD18427C2800905BFD /* AlarmTests.m */ = {isa = PBXFileReference; lastKnownFileType = sourcecode.c.objc; path = AlarmTests.m; sourceTree = "<group>"; };
		18400F0818427D9300905BFD /* ALAppDelegate.h */ = {isa = PBXFileReference; fileEncoding = 4; lastKnownFileType = sourcecode.c.h; path = ALAppDelegate.h; sourceTree = "<group>"; };
		18400F0918427D9300905BFD /* ALAppDelegate.m */ = {isa = PBXFileReference; fileEncoding = 4; lastKnownFileType = sourcecode.c.objc; path = ALAppDelegate.m; sourceTree = "<group>"; };
		18400F1018427D9300905BFD /* Images.xcassets */ = {isa = PBXFileReference; lastKnownFileType = folder.assetcatalog; path = Images.xcassets; sourceTree = "<group>"; };
		18400F1318427D9300905BFD /* alarm_sound1.mp3 */ = {isa = PBXFileReference; lastKnownFileType = audio.mp3; path = alarm_sound1.mp3; sourceTree = "<group>"; };
		18400F1A18427E0200905BFD /* en */ = {isa = PBXFileReference; lastKnownFileType = text.plist.strings; name = en; path = en.lproj/Localizable.strings; sourceTree = "<group>"; };
		18400F1C18427ED400905BFD /* ALAlarmObject.h */ = {isa = PBXFileReference; fileEncoding = 4; lastKnownFileType = sourcecode.c.h; path = ALAlarmObject.h; sourceTree = "<group>"; };
		18400F1D18427ED400905BFD /* ALAlarmObject.m */ = {isa = PBXFileReference; fileEncoding = 4; lastKnownFileType = sourcecode.c.objc; path = ALAlarmObject.m; sourceTree = "<group>"; };
		18400F1F18427F0D00905BFD /* ALAlarmsManager.h */ = {isa = PBXFileReference; fileEncoding = 4; lastKnownFileType = sourcecode.c.h; path = ALAlarmsManager.h; sourceTree = "<group>"; };
		18400F2018427F0D00905BFD /* ALAlarmsManager.m */ = {isa = PBXFileReference; fileEncoding = 4; lastKnownFileType = sourcecode.c.objc; path = ALAlarmsManager.m; sourceTree = "<group>"; };
		18400F2218427F3E00905BFD /* ALUtility.h */ = {isa = PBXFileReference; fileEncoding = 4; lastKnownFileType = sourcecode.c.h; path = ALUtility.h; sourceTree = "<group>"; };
		18400F2318427F3E00905BFD /* ALUtility.m */ = {isa = PBXFileReference; fileEncoding = 4; lastKnownFileType = sourcecode.c.objc; path = ALUtility.m; sourceTree = "<group>"; };
		18400F2518427F7000905BFD /* ALConstants.h */ = {isa = PBXFileReference; fileEncoding = 4; lastKnownFileType = sourcecode.c.h; path = ALConstants.h; sourceTree = "<group>"; };
		18400F2618427F7000905BFD /* ALConstants.m */ = {isa = PBXFileReference; fileEncoding = 4; lastKnownFileType = sourcecode.c.objc; path = ALConstants.m; sourceTree = "<group>"; };
		18400F2818427F9F00905BFD /* ALAlarmAlertView.h */ = {isa = PBXFileReference; fileEncoding = 4; lastKnownFileType = sourcecode.c.h; path = ALAlarmAlertView.h; sourceTree = "<group>"; };
		18400F2918427F9F00905BFD /* ALAlarmAlertView.m */ = {isa = PBXFileReference; fileEncoding = 4; lastKnownFileType = sourcecode.c.objc; path = ALAlarmAlertView.m; sourceTree = "<group>"; };
		18400F2B18427FF300905BFD /* ALAlarmsListViewController.h */ = {isa = PBXFileReference; fileEncoding = 4; lastKnownFileType = sourcecode.c.h; path = ALAlarmsListViewController.h; sourceTree = "<group>"; };
		18400F2C18427FF300905BFD /* ALAlarmsListViewController.m */ = {isa = PBXFileReference; fileEncoding = 4; lastKnownFileType = sourcecode.c.objc; path = ALAlarmsListViewController.m; sourceTree = "<group>"; };
		18400F2E1842802A00905BFD /* ALAddAlarmTableHeaderView.h */ = {isa = PBXFileReference; fileEncoding = 4; lastKnownFileType = sourcecode.c.h; path = ALAddAlarmTableHeaderView.h; sourceTree = "<group>"; };
		18400F2F1842802A00905BFD /* ALAddAlarmTableHeaderView.m */ = {isa = PBXFileReference; fileEncoding = 4; lastKnownFileType = sourcecode.c.objc; path = ALAddAlarmTableHeaderView.m; sourceTree = "<group>"; };
		18400F311842805F00905BFD /* ALAddAlarmViewController.h */ = {isa = PBXFileReference; fileEncoding = 4; lastKnownFileType = sourcecode.c.h; path = ALAddAlarmViewController.h; sourceTree = "<group>"; };
		18400F321842805F00905BFD /* ALAddAlarmViewController.m */ = {isa = PBXFileReference; fileEncoding = 4; lastKnownFileType = sourcecode.c.objc; path = ALAddAlarmViewController.m; sourceTree = "<group>"; };
		18400F341842809400905BFD /* ALDateTimePicker.h */ = {isa = PBXFileReference; fileEncoding = 4; lastKnownFileType = sourcecode.c.h; path = ALDateTimePicker.h; sourceTree = "<group>"; };
		18400F351842809400905BFD /* ALDateTimePicker.m */ = {isa = PBXFileReference; fileEncoding = 4; lastKnownFileType = sourcecode.c.objc; path = ALDateTimePicker.m; sourceTree = "<group>"; };
		18400F37184280CD00905BFD /* ALTextFieldTableViewCellCell.h */ = {isa = PBXFileReference; fileEncoding = 4; lastKnownFileType = sourcecode.c.h; path = ALTextFieldTableViewCellCell.h; sourceTree = "<group>"; };
		18400F38184280CD00905BFD /* ALTextFieldTableViewCellCell.m */ = {isa = PBXFileReference; fileEncoding = 4; lastKnownFileType = sourcecode.c.objc; path = ALTextFieldTableViewCellCell.m; sourceTree = "<group>"; };
/* End PBXFileReference section */

/* Begin PBXFrameworksBuildPhase section */
		18400ED218427C2800905BFD /* Frameworks */ = {
			isa = PBXFrameworksBuildPhase;
			buildActionMask = 2147483647;
			files = (
				18400EDB18427C2800905BFD /* CoreGraphics.framework in Frameworks */,
				18400EDD18427C2800905BFD /* UIKit.framework in Frameworks */,
				18400ED918427C2800905BFD /* Foundation.framework in Frameworks */,
			);
			runOnlyForDeploymentPostprocessing = 0;
		};
		18400EED18427C2800905BFD /* Frameworks */ = {
			isa = PBXFrameworksBuildPhase;
			buildActionMask = 2147483647;
			files = (
				18400EF218427C2800905BFD /* XCTest.framework in Frameworks */,
				18400EF418427C2800905BFD /* UIKit.framework in Frameworks */,
				18400EF318427C2800905BFD /* Foundation.framework in Frameworks */,
			);
			runOnlyForDeploymentPostprocessing = 0;
		};
/* End PBXFrameworksBuildPhase section */

/* Begin PBXGroup section */
		18400ECC18427C2800905BFD = {
			isa = PBXGroup;
			children = (
				18400EDE18427C2800905BFD /* Alarm */,
				18400EF718427C2800905BFD /* AlarmTests */,
				18400ED718427C2800905BFD /* Frameworks */,
				18400ED618427C2800905BFD /* Products */,
			);
			sourceTree = "<group>";
		};
		18400ED618427C2800905BFD /* Products */ = {
			isa = PBXGroup;
			children = (
				18400ED518427C2800905BFD /* Alarm.app */,
				18400EF018427C2800905BFD /* AlarmTests.xctest */,
			);
			name = Products;
			sourceTree = "<group>";
		};
		18400ED718427C2800905BFD /* Frameworks */ = {
			isa = PBXGroup;
			children = (
				18400ED818427C2800905BFD /* Foundation.framework */,
				18400EDA18427C2800905BFD /* CoreGraphics.framework */,
				18400EDC18427C2800905BFD /* UIKit.framework */,
				18400EF118427C2800905BFD /* XCTest.framework */,
			);
			name = Frameworks;
			sourceTree = "<group>";
		};
		18400EDE18427C2800905BFD /* Alarm */ = {
			isa = PBXGroup;
			children = (
				18400F0718427D9300905BFD /* Classes */,
				18400F0F18427D9300905BFD /* Resources */,
				18400EDF18427C2800905BFD /* Supporting Files */,
			);
			path = Alarm;
			sourceTree = "<group>";
		};
		18400EDF18427C2800905BFD /* Supporting Files */ = {
			isa = PBXGroup;
			children = (
				18400EE018427C2800905BFD /* Alarm-Info.plist */,
				18400EE118427C2800905BFD /* InfoPlist.strings */,
				18400EE418427C2800905BFD /* main.m */,
				18400EE618427C2800905BFD /* Alarm-Prefix.pch */,
			);
			name = "Supporting Files";
			sourceTree = "<group>";
		};
		18400EF718427C2800905BFD /* AlarmTests */ = {
			isa = PBXGroup;
			children = (
				18400EFD18427C2800905BFD /* AlarmTests.m */,
				18400EF818427C2800905BFD /* Supporting Files */,
			);
			path = AlarmTests;
			sourceTree = "<group>";
		};
		18400EF818427C2800905BFD /* Supporting Files */ = {
			isa = PBXGroup;
			children = (
				18400EF918427C2800905BFD /* AlarmTests-Info.plist */,
				18400EFA18427C2800905BFD /* InfoPlist.strings */,
			);
			name = "Supporting Files";
			sourceTree = "<group>";
		};
		18400F0718427D9300905BFD /* Classes */ = {
			isa = PBXGroup;
			children = (
				18400F0818427D9300905BFD /* ALAppDelegate.h */,
				18400F0918427D9300905BFD /* ALAppDelegate.m */,
				18400F0C18427D9300905BFD /* ViewControllers */,
				18400F0A18427D9300905BFD /* Backend */,
				18400F0B18427D9300905BFD /* Utility */,
			);
			path = Classes;
			sourceTree = "<group>";
		};
		18400F0A18427D9300905BFD /* Backend */ = {
			isa = PBXGroup;
			children = (
				18400F1C18427ED400905BFD /* ALAlarmObject.h */,
				18400F1D18427ED400905BFD /* ALAlarmObject.m */,
				18400F1F18427F0D00905BFD /* ALAlarmsManager.h */,
				18400F2018427F0D00905BFD /* ALAlarmsManager.m */,
			);
			path = Backend;
			sourceTree = "<group>";
		};
		18400F0B18427D9300905BFD /* Utility */ = {
			isa = PBXGroup;
			children = (
				1806F818184FA6E7007D973F /* UIWindow+Shake.h */,
				1806F819184FA6E7007D973F /* UIWindow+Shake.m */,
				18400F2218427F3E00905BFD /* ALUtility.h */,
				18400F2318427F3E00905BFD /* ALUtility.m */,
				18400F2518427F7000905BFD /* ALConstants.h */,
				18400F2618427F7000905BFD /* ALConstants.m */,
				18400F2818427F9F00905BFD /* ALAlarmAlertView.h */,
				18400F2918427F9F00905BFD /* ALAlarmAlertView.m */,
			);
			path = Utility;
			sourceTree = "<group>";
		};
		18400F0C18427D9300905BFD /* ViewControllers */ = {
			isa = PBXGroup;
			children = (
				18400F0D18427D9300905BFD /* AddAlarm */,
				18400F0E18427D9300905BFD /* AlarmsList */,
			);
			path = ViewControllers;
			sourceTree = "<group>";
		};
		18400F0D18427D9300905BFD /* AddAlarm */ = {
			isa = PBXGroup;
			children = (
				18400F2B18427FF300905BFD /* ALAlarmsListViewController.h */,
				18400F2C18427FF300905BFD /* ALAlarmsListViewController.m */,
			);
			path = AddAlarm;
			sourceTree = "<group>";
		};
		18400F0E18427D9300905BFD /* AlarmsList */ = {
			isa = PBXGroup;
			children = (
				18400F2E1842802A00905BFD /* ALAddAlarmTableHeaderView.h */,
				18400F2F1842802A00905BFD /* ALAddAlarmTableHeaderView.m */,
				18400F311842805F00905BFD /* ALAddAlarmViewController.h */,
				18400F321842805F00905BFD /* ALAddAlarmViewController.m */,
				18400F341842809400905BFD /* ALDateTimePicker.h */,
				18400F351842809400905BFD /* ALDateTimePicker.m */,
				18400F37184280CD00905BFD /* ALTextFieldTableViewCellCell.h */,
				18400F38184280CD00905BFD /* ALTextFieldTableViewCellCell.m */,
			);
			path = AlarmsList;
			sourceTree = "<group>";
		};
		18400F0F18427D9300905BFD /* Resources */ = {
			isa = PBXGroup;
			children = (
				18400F1018427D9300905BFD /* Images.xcassets */,
				18400F1118427D9300905BFD /* LocalizationStrings */,
				18400F1218427D9300905BFD /* Sounds */,
			);
			path = Resources;
			sourceTree = "<group>";
		};
		18400F1118427D9300905BFD /* LocalizationStrings */ = {
			isa = PBXGroup;
			children = (
				18400F1B18427E0200905BFD /* Localizable.strings */,
			);
			path = LocalizationStrings;
			sourceTree = "<group>";
		};
		18400F1218427D9300905BFD /* Sounds */ = {
			isa = PBXGroup;
			children = (
				18400F1318427D9300905BFD /* alarm_sound1.mp3 */,
			);
			path = Sounds;
			sourceTree = "<group>";
		};
/* End PBXGroup section */

/* Begin PBXNativeTarget section */
		18400ED418427C2800905BFD /* Alarm */ = {
			isa = PBXNativeTarget;
			buildConfigurationList = 18400F0118427C2800905BFD /* Build configuration list for PBXNativeTarget "Alarm" */;
			buildPhases = (
				18400ED118427C2800905BFD /* Sources */,
				18400ED218427C2800905BFD /* Frameworks */,
				18400ED318427C2800905BFD /* Resources */,
			);
			buildRules = (
			);
			dependencies = (
			);
			name = Alarm;
			productName = Alarm;
			productReference = 18400ED518427C2800905BFD /* Alarm.app */;
			productType = "com.apple.product-type.application";
		};
		18400EEF18427C2800905BFD /* AlarmTests */ = {
			isa = PBXNativeTarget;
			buildConfigurationList = 18400F0418427C2800905BFD /* Build configuration list for PBXNativeTarget "AlarmTests" */;
			buildPhases = (
				18400EEC18427C2800905BFD /* Sources */,
				18400EED18427C2800905BFD /* Frameworks */,
				18400EEE18427C2800905BFD /* Resources */,
			);
			buildRules = (
			);
			dependencies = (
				18400EF618427C2800905BFD /* PBXTargetDependency */,
			);
			name = AlarmTests;
			productName = AlarmTests;
			productReference = 18400EF018427C2800905BFD /* AlarmTests.xctest */;
			productType = "com.apple.product-type.bundle.unit-test";
		};
/* End PBXNativeTarget section */

/* Begin PBXProject section */
		18400ECD18427C2800905BFD /* Project object */ = {
			isa = PBXProject;
			attributes = {
				CLASSPREFIX = AL;
				LastUpgradeCheck = 0500;
				ORGANIZATIONNAME = "My Organization";
				TargetAttributes = {
					18400EEF18427C2800905BFD = {
						TestTargetID = 18400ED418427C2800905BFD;
					};
				};
			};
			buildConfigurationList = 18400ED018427C2800905BFD /* Build configuration list for PBXProject "Alarm" */;
			compatibilityVersion = "Xcode 3.2";
			developmentRegion = English;
			hasScannedForEncodings = 0;
			knownRegions = (
				en,
			);
			mainGroup = 18400ECC18427C2800905BFD;
			productRefGroup = 18400ED618427C2800905BFD /* Products */;
			projectDirPath = "";
			projectRoot = "";
			targets = (
				18400ED418427C2800905BFD /* Alarm */,
				18400EEF18427C2800905BFD /* AlarmTests */,
			);
		};
/* End PBXProject section */

/* Begin PBXResourcesBuildPhase section */
		18400ED318427C2800905BFD /* Resources */ = {
			isa = PBXResourcesBuildPhase;
			buildActionMask = 2147483647;
			files = (
				18400EE318427C2800905BFD /* InfoPlist.strings in Resources */,
				18400F1918427E0200905BFD /* Localizable.strings in Resources */,
				18400F1618427D9300905BFD /* alarm_sound1.mp3 in Resources */,
				18400F1518427D9300905BFD /* Images.xcassets in Resources */,
			);
			runOnlyForDeploymentPostprocessing = 0;
		};
		18400EEE18427C2800905BFD /* Resources */ = {
			isa = PBXResourcesBuildPhase;
			buildActionMask = 2147483647;
			files = (
				18400EFC18427C2800905BFD /* InfoPlist.strings in Resources */,
			);
			runOnlyForDeploymentPostprocessing = 0;
		};
/* End PBXResourcesBuildPhase section */

/* Begin PBXSourcesBuildPhase section */
		18400ED118427C2800905BFD /* Sources */ = {
			isa = PBXSourcesBuildPhase;
			buildActionMask = 2147483647;
			files = (
				18400F2A18427F9F00905BFD /* ALAlarmAlertView.m in Sources */,
				18400F2718427F7000905BFD /* ALConstants.m in Sources */,
				18400F39184280CD00905BFD /* ALTextFieldTableViewCellCell.m in Sources */,
				18400F2118427F0D00905BFD /* ALAlarmsManager.m in Sources */,
				18400F301842802A00905BFD /* ALAddAlarmTableHeaderView.m in Sources */,
				18400F2418427F3E00905BFD /* ALUtility.m in Sources */,
				18400EE518427C2800905BFD /* main.m in Sources */,
				18400F1418427D9300905BFD /* ALAppDelegate.m in Sources */,
				1806F81A184FA6E7007D973F /* UIWindow+Shake.m in Sources */,
				18400F361842809400905BFD /* ALDateTimePicker.m in Sources */,
				18400F331842805F00905BFD /* ALAddAlarmViewController.m in Sources */,
				18400F1E18427ED400905BFD /* ALAlarmObject.m in Sources */,
				18400F2D18427FF300905BFD /* ALAlarmsListViewController.m in Sources */,
			);
			runOnlyForDeploymentPostprocessing = 0;
		};
		18400EEC18427C2800905BFD /* Sources */ = {
			isa = PBXSourcesBuildPhase;
			buildActionMask = 2147483647;
			files = (
				18400EFE18427C2800905BFD /* AlarmTests.m in Sources */,
			);
			runOnlyForDeploymentPostprocessing = 0;
		};
/* End PBXSourcesBuildPhase section */

/* Begin PBXTargetDependency section */
		18400EF618427C2800905BFD /* PBXTargetDependency */ = {
			isa = PBXTargetDependency;
			target = 18400ED418427C2800905BFD /* Alarm */;
			targetProxy = 18400EF518427C2800905BFD /* PBXContainerItemProxy */;
		};
/* End PBXTargetDependency section */

/* Begin PBXVariantGroup section */
		18400EE118427C2800905BFD /* InfoPlist.strings */ = {
			isa = PBXVariantGroup;
			children = (
				18400EE218427C2800905BFD /* en */,
			);
			name = InfoPlist.strings;
			sourceTree = "<group>";
		};
		18400EFA18427C2800905BFD /* InfoPlist.strings */ = {
			isa = PBXVariantGroup;
			children = (
				18400EFB18427C2800905BFD /* en */,
			);
			name = InfoPlist.strings;
			sourceTree = "<group>";
		};
		18400F1B18427E0200905BFD /* Localizable.strings */ = {
			isa = PBXVariantGroup;
			children = (
				18400F1A18427E0200905BFD /* en */,
			);
			name = Localizable.strings;
			sourceTree = "<group>";
		};
/* End PBXVariantGroup section */

/* Begin XCBuildConfiguration section */
		18400EFF18427C2800905BFD /* Debug */ = {
			isa = XCBuildConfiguration;
			buildSettings = {
				ALWAYS_SEARCH_USER_PATHS = NO;
				ARCHS = "$(ARCHS_STANDARD_INCLUDING_64_BIT)";
				CLANG_CXX_LANGUAGE_STANDARD = "gnu++0x";
				CLANG_CXX_LIBRARY = "libc++";
				CLANG_ENABLE_MODULES = YES;
				CLANG_ENABLE_OBJC_ARC = YES;
				CLANG_WARN_BOOL_CONVERSION = YES;
				CLANG_WARN_CONSTANT_CONVERSION = YES;
				CLANG_WARN_DIRECT_OBJC_ISA_USAGE = YES_ERROR;
				CLANG_WARN_EMPTY_BODY = YES;
				CLANG_WARN_ENUM_CONVERSION = YES;
				CLANG_WARN_INT_CONVERSION = YES;
				CLANG_WARN_OBJC_ROOT_CLASS = YES_ERROR;
				CLANG_WARN__DUPLICATE_METHOD_MATCH = YES;
				"CODE_SIGN_IDENTITY[sdk=iphoneos*]" = "iPhone Developer";
				COPY_PHASE_STRIP = NO;
				GCC_C_LANGUAGE_STANDARD = gnu99;
				GCC_DYNAMIC_NO_PIC = NO;
				GCC_OPTIMIZATION_LEVEL = 0;
				GCC_PREPROCESSOR_DEFINITIONS = (
					"DEBUG=1",
					"$(inherited)",
				);
				GCC_SYMBOLS_PRIVATE_EXTERN = NO;
				GCC_WARN_64_TO_32_BIT_CONVERSION = YES;
				GCC_WARN_ABOUT_RETURN_TYPE = YES_ERROR;
				GCC_WARN_UNDECLARED_SELECTOR = YES;
				GCC_WARN_UNINITIALIZED_AUTOS = YES;
				GCC_WARN_UNUSED_FUNCTION = YES;
				GCC_WARN_UNUSED_VARIABLE = YES;
				IPHONEOS_DEPLOYMENT_TARGET = 7.0;
				ONLY_ACTIVE_ARCH = YES;
				SDKROOT = iphoneos;
				TARGETED_DEVICE_FAMILY = "1,2";
			};
			name = Debug;
		};
		18400F0018427C2800905BFD /* Release */ = {
			isa = XCBuildConfiguration;
			buildSettings = {
				ALWAYS_SEARCH_USER_PATHS = NO;
				ARCHS = "$(ARCHS_STANDARD_INCLUDING_64_BIT)";
				CLANG_CXX_LANGUAGE_STANDARD = "gnu++0x";
				CLANG_CXX_LIBRARY = "libc++";
				CLANG_ENABLE_MODULES = YES;
				CLANG_ENABLE_OBJC_ARC = YES;
				CLANG_WARN_BOOL_CONVERSION = YES;
				CLANG_WARN_CONSTANT_CONVERSION = YES;
				CLANG_WARN_DIRECT_OBJC_ISA_USAGE = YES_ERROR;
				CLANG_WARN_EMPTY_BODY = YES;
				CLANG_WARN_ENUM_CONVERSION = YES;
				CLANG_WARN_INT_CONVERSION = YES;
				CLANG_WARN_OBJC_ROOT_CLASS = YES_ERROR;
				CLANG_WARN__DUPLICATE_METHOD_MATCH = YES;
				"CODE_SIGN_IDENTITY[sdk=iphoneos*]" = "iPhone Developer";
				COPY_PHASE_STRIP = YES;
				ENABLE_NS_ASSERTIONS = NO;
				GCC_C_LANGUAGE_STANDARD = gnu99;
				GCC_WARN_64_TO_32_BIT_CONVERSION = YES;
				GCC_WARN_ABOUT_RETURN_TYPE = YES_ERROR;
				GCC_WARN_UNDECLARED_SELECTOR = YES;
				GCC_WARN_UNINITIALIZED_AUTOS = YES;
				GCC_WARN_UNUSED_FUNCTION = YES;
				GCC_WARN_UNUSED_VARIABLE = YES;
				IPHONEOS_DEPLOYMENT_TARGET = 7.0;
				SDKROOT = iphoneos;
				TARGETED_DEVICE_FAMILY = "1,2";
				VALIDATE_PRODUCT = YES;
			};
			name = Release;
		};
		18400F0218427C2800905BFD /* Debug */ = {
			isa = XCBuildConfiguration;
			buildSettings = {
				ASSETCATALOG_COMPILER_APPICON_NAME = AppIcon;
				ASSETCATALOG_COMPILER_LAUNCHIMAGE_NAME = LaunchImage;
				GCC_PRECOMPILE_PREFIX_HEADER = YES;
				GCC_PREFIX_HEADER = "Alarm/Alarm-Prefix.pch";
				INFOPLIST_FILE = "Alarm/Alarm-Info.plist";
				IPHONEOS_DEPLOYMENT_TARGET = 6.0;
				PRODUCT_NAME = "$(TARGET_NAME)";
				WRAPPER_EXTENSION = app;
			};
			name = Debug;
		};
		18400F0318427C2800905BFD /* Release */ = {
			isa = XCBuildConfiguration;
			buildSettings = {
				ASSETCATALOG_COMPILER_APPICON_NAME = AppIcon;
				ASSETCATALOG_COMPILER_LAUNCHIMAGE_NAME = LaunchImage;
				GCC_PRECOMPILE_PREFIX_HEADER = YES;
				GCC_PREFIX_HEADER = "Alarm/Alarm-Prefix.pch";
				INFOPLIST_FILE = "Alarm/Alarm-Info.plist";
				IPHONEOS_DEPLOYMENT_TARGET = 6.0;
				PRODUCT_NAME = "$(TARGET_NAME)";
				WRAPPER_EXTENSION = app;
			};
			name = Release;
		};
		18400F0518427C2800905BFD /* Debug */ = {
			isa = XCBuildConfiguration;
			buildSettings = {
				ARCHS = "$(ARCHS_STANDARD_INCLUDING_64_BIT)";
				BUNDLE_LOADER = "$(BUILT_PRODUCTS_DIR)/Alarm.app/Alarm";
				FRAMEWORK_SEARCH_PATHS = (
					"$(SDKROOT)/Developer/Library/Frameworks",
					"$(inherited)",
					"$(DEVELOPER_FRAMEWORKS_DIR)",
				);
				GCC_PRECOMPILE_PREFIX_HEADER = YES;
				GCC_PREFIX_HEADER = "Alarm/Alarm-Prefix.pch";
				GCC_PREPROCESSOR_DEFINITIONS = (
					"DEBUG=1",
					"$(inherited)",
				);
				INFOPLIST_FILE = "AlarmTests/AlarmTests-Info.plist";
				PRODUCT_NAME = "$(TARGET_NAME)";
				TEST_HOST = "$(BUNDLE_LOADER)";
				WRAPPER_EXTENSION = xctest;
			};
			name = Debug;
		};
		18400F0618427C2800905BFD /* Release */ = {
			isa = XCBuildConfiguration;
			buildSettings = {
				ARCHS = "$(ARCHS_STANDARD_INCLUDING_64_BIT)";
				BUNDLE_LOADER = "$(BUILT_PRODUCTS_DIR)/Alarm.app/Alarm";
				FRAMEWORK_SEARCH_PATHS = (
					"$(SDKROOT)/Developer/Library/Frameworks",
					"$(inherited)",
					"$(DEVELOPER_FRAMEWORKS_DIR)",
				);
				GCC_PRECOMPILE_PREFIX_HEADER = YES;
				GCC_PREFIX_HEADER = "Alarm/Alarm-Prefix.pch";
				INFOPLIST_FILE = "AlarmTests/AlarmTests-Info.plist";
				PRODUCT_NAME = "$(TARGET_NAME)";
				TEST_HOST = "$(BUNDLE_LOADER)";
				WRAPPER_EXTENSION = xctest;
			};
			name = Release;
		};
/* End XCBuildConfiguration section */

/* Begin XCConfigurationList section */
		18400ED018427C2800905BFD /* Build configuration list for PBXProject "Alarm" */ = {
			isa = XCConfigurationList;
			buildConfigurations = (
				18400EFF18427C2800905BFD /* Debug */,
				18400F0018427C2800905BFD /* Release */,
			);
			defaultConfigurationIsVisible = 0;
			defaultConfigurationName = Release;
		};
		18400F0118427C2800905BFD /* Build configuration list for PBXNativeTarget "Alarm" */ = {
			isa = XCConfigurationList;
			buildConfigurations = (
				18400F0218427C2800905BFD /* Debug */,
				18400F0318427C2800905BFD /* Release */,
			);
			defaultConfigurationIsVisible = 0;
			defaultConfigurationName = Release;
		};
		18400F0418427C2800905BFD /* Build configuration list for PBXNativeTarget "AlarmTests" */ = {
			isa = XCConfigurationList;
			buildConfigurations = (
				18400F0518427C2800905BFD /* Debug */,
				18400F0618427C2800905BFD /* Release */,
			);
			defaultConfigurationIsVisible = 0;
			defaultConfigurationName = Release;
		};
/* End XCConfigurationList section */
	};
	rootObject = 18400ECD18427C2800905BFD /* Project object */;
}
